# THIS IS AN AUTOGENERATED FILE. DO NOT EDIT THIS FILE DIRECTLY.
# yarn lockfile v1


"@babel/runtime@^7.22.5":
  version "7.22.5"
  resolved "https://registry.synerate.com/@babel%2fruntime/-/runtime-7.22.5.tgz#8564dd588182ce0047d55d7a75e93921107b57ec"
  integrity sha512-ecjvYlnAaZ/KVneE/OdKYBYfgXV3Ptu6zQWmgEF7vwKhQnvVS6bjMD2XYgj+SNvQ1GfK/pjgokfPkC/2CO8CuA==
  dependencies:
    regenerator-runtime "^0.13.11"

"@jridgewell/sourcemap-codec@^1.4.13":
  version "1.4.14"
  resolved "https://registry.synerate.com/@jridgewell%2fsourcemap-codec/-/sourcemap-codec-1.4.14.tgz#add4c98d341472a289190b424efbdb096991bb24"
  integrity sha512-XPSJHWmi394fuUuzDnGz1wiKqWfo1yXecHQMRf2l6hztTO+nPru658AyDngaBe7isIxEkRsPR3FZh+s7iVa4Uw==

"@types/config@3.3.1":
  version "3.3.1"
  resolved "https://registry.synerate.com/@types%2fconfig/-/config-3.3.1.tgz#eb385f254cd08381db4dda7b9bef4cc2fd400e5d"
  integrity sha512-ZhBk8IVIbc3cuES10j2I+xa3L68rpl1X35FdsNce/AiE7yJnhQaA7tvO5MRZblqpBny4OIddJ+WQL04I1933Zg==

"@types/countdown@^0.0.9":
  version "0.0.9"
  resolved "https://registry.synerate.com/@types%2fcountdown/-/countdown-0.0.9.tgz#b994d807500f197bb46f04b9ba09b5450f0f4e24"
  integrity sha512-jpZJ1h/63/crXJu4nUNWjE+F1Bvj5xZTBLwg8uprgpmLk6lhqHCijknVhV8mP+318R++qUjNarpLDGLxJfC9zQ==

"@types/isomorphic-fetch@0.0.36":
  version "0.0.36"
  resolved "https://registry.synerate.com/@types%2fisomorphic-fetch/-/isomorphic-fetch-0.0.36.tgz#3a6d8f63974baf26b10fd1314db910633108a769"
  integrity sha512-ulw4d+vW1HKn4oErSmNN2HYEcHGq0N1C5exlrMM0CRqX1UUpFhGb5lwiom5j9KN3LBJJDLRmYIZz1ghm7FIzZw==

"@types/lodash@^4.14.195":
  version "4.14.195"
  resolved "https://registry.synerate.com/@types%2flodash/-/lodash-4.14.195.tgz#bafc975b252eb6cea78882ce8a7b6bf22a6de632"
  integrity sha512-Hwx9EUgdwf2GLarOjQp5ZH8ZmblzcbTBC2wtQWNKARBSxM9ezRIAUpeDTgoQRAFB0+8CNWXVA9+MaSOzOF3nPg==

"@types/node@^20.3.1":
  version "20.3.1"
  resolved "https://registry.synerate.com/@types%2fnode/-/node-20.3.1.tgz#e8a83f1aa8b649377bb1fb5d7bac5cb90e784dfe"
  integrity sha512-EhcH/wvidPy1WeML3TtYFGR83UzjxeWRen9V402T8aUGYsCHOmfoisV3ZSg03gAFIbLq8TnWOJ0f4cALtnSEUg==

"@types/pluralize@^0.0.30":
  version "0.0.30"
  resolved "https://registry.synerate.com/@types%2fpluralize/-/pluralize-0.0.30.tgz#cddb9923240c20d15e6d5f98fd576ec856b9b3db"
  integrity sha512-kVww6xZrW/db5BR9OqiT71J9huRdQ+z/r+LbDuT7/EK50mCmj5FoaIARnVv0rvjUS/YpDox0cDU9lpQT011VBA==

"@types/source-map-support@^0.5.6":
  version "0.5.6"
  resolved "https://registry.synerate.com/@types%2fsource-map-support/-/source-map-support-0.5.6.tgz#aa4a8c98ec73a1f1f30a813573a9b2154a6eb39a"
  integrity sha512-b2nJ9YyXmkhGaa2b8VLM0kJ04xxwNyijcq12/kDoomCt43qbHBeK2SLNJ9iJmETaAj+bKUT05PQUu3Q66GvLhQ==
  dependencies:
    source-map "^0.6.0"

acorn-walk@^8.2.0:
  version "8.2.0"
  resolved "https://registry.synerate.com/acorn-walk/-/acorn-walk-8.2.0.tgz#741210f2e2426454508853a2f44d0ab83b7f69c1"
  integrity sha512-k+iyHEuPgSw6SbuDpGQM+06HQUa04DZ3o+F6CSzXMvvI5KMvnaEqXe+YVe555R9nn6GPt404fos4wcgpw12SDA==

acorn@^8.7.0:
  version "8.9.0"
  resolved "https://registry.synerate.com/acorn/-/acorn-8.9.0.tgz#78a16e3b2bcc198c10822786fa6679e245db5b59"
  integrity sha512-jaVNAFBHNLXspO543WnNNPZFRtavh3skAkITqD0/2aeMkKZTN+254PyhwxFYrk3vQ1xfY+2wbesJMs/JC8/PwQ==

argparse@^2.0.1:
  version "2.0.1"
  resolved "https://registry.synerate.com/argparse/-/argparse-2.0.1.tgz#246f50f3ca78a3240f6c997e8a9bd1eac49e4b38"
  integrity sha512-8+9WqebbFzpX9OR+Wa6O29asIogeRMzcGtAINdpMHHyAg10f05aSFVBbcEqGf/PXw1EjAZ+q2/bEBg3DvurK3Q==

buffer-from@^1.0.0:
  version "1.1.1"
  resolved "https://registry.synerate.com/buffer-from/-/buffer-from-1.1.1.tgz#32713bc028f75c02fdb710d7c7bcec1f2c6070ef"
  integrity sha512-MQcXEUbCKtEo7bhqEs6560Hyd4XaovZlO/k9V3hjVUF/zwW7KBVdSK4gIt/bzwS9MbR5qob+F5jusZsb0YQK2A==

complex.js@^2.1.1:
  version "2.1.1"
  resolved "https://registry.synerate.com/complex.js/-/complex.js-2.1.1.tgz#0675dac8e464ec431fb2ab7d30f41d889fb25c31"
  integrity sha512-8njCHOTtFFLtegk6zQo0kkVX1rngygb/KQI6z1qZxlFI3scluC+LVTCFbrkWjBv4vvLlbQ9t88IPMC6k95VTTg==

config@^3.3.9:
  version "3.3.9"
  resolved "https://registry.synerate.com/config/-/config-3.3.9.tgz#27fae95b43e0e1d5723e54143c090954d8e49572"
  integrity sha512-G17nfe+cY7kR0wVpc49NCYvNtelm/pPy8czHoFkAgtV1lkmcp7DHtWCdDu+C9Z7gb2WVqa9Tm3uF9aKaPbCfhg==
  dependencies:
    json5 "^2.2.3"

countdown@^2.6.0:
  version "2.6.0"
  resolved "https://registry.synerate.com/countdown/-/countdown-2.6.0.tgz#677fb8e3a9d4cc4e76415901ba253b518af34177"
  integrity sha1-Z3+446nUzE52QVkBuiU7UYrzQXc=

decimal.js@^10.4.3:
  version "10.4.3"
  resolved "https://registry.synerate.com/decimal.js/-/decimal.js-10.4.3.tgz#1044092884d245d1b7f65725fa4ad4c6f781cc23"
  integrity sha512-VBBaLc1MgL5XpzgIP7ny5Z6Nx3UrRkIViUkPUdtl9aya5amy3De1gsUUSB1g3+3sExYNjCAsAznmukyxCb1GRA==

escape-latex@^1.2.0:
  version "1.2.0"
  resolved "https://registry.synerate.com/escape-latex/-/escape-latex-1.2.0.tgz#07c03818cf7dac250cce517f4fda1b001ef2bca1"
  integrity sha512-nV5aVWW1K0wEiUIEdZ4erkGGH8mDxGyxSeqPzRNtWP7ataw+/olFObw7hujFWlVjNsaDFw5VZ5NzVSIqRgfTiw==

fraction.js@^4.2.0:
  version "4.2.0"
  resolved "https://registry.synerate.com/fraction.js/-/fraction.js-4.2.0.tgz#448e5109a313a3527f5a3ab2119ec4cf0e0e2950"
  integrity sha512-MhLuK+2gUcnZe8ZHlaaINnQLl0xRIGRfcGk2yl8xoQAfHrSsL3rYu6FCmBdkdbhc9EPlwyGHewaRsvwRMJtAlA==

isomorphic-fetch@^3.0.0:
  version "3.0.0"
  resolved "https://registry.synerate.com/isomorphic-fetch/-/isomorphic-fetch-3.0.0.tgz#0267b005049046d2421207215d45d6a262b8b8b4"
  integrity sha512-qvUtwJ3j6qwsF3jLxkZ72qCgjMysPzDfeV240JHiGZsANBYd+EEuu35v7dfrJ9Up0Ak07D7GGSkGhCHTqg/5wA==
  dependencies:
    node-fetch "^2.6.1"
    whatwg-fetch "^3.4.1"

javascript-natural-sort@^0.7.1:
  version "0.7.1"
  resolved "https://registry.synerate.com/javascript-natural-sort/-/javascript-natural-sort-0.7.1.tgz#f9e2303d4507f6d74355a73664d1440fb5a0ef59"
  integrity sha512-nO6jcEfZWQXDhOiBtG2KvKyEptz7RVbpGP4vTD2hLBdmNQSsCiicO2Ioinv6UI4y9ukqnBpy+XZ9H6uLNgJTlw==

js-yaml@^4.1.0:
  version "4.1.0"
  resolved "https://registry.synerate.com/js-yaml/-/js-yaml-4.1.0.tgz#c1fb65f8f5017901cdd2c951864ba18458a10602"
  integrity sha512-wpxZs9NoxZaJESJGIZTyDEaYpl0FKSA+FB9aJiyemKhMwkxQg63h4T1KJgUGHpTqPDNRcmmYLugrRjJlBtWvRA==
  dependencies:
    argparse "^2.0.1"

json5@^2.2.3:
  version "2.2.3"
  resolved "https://registry.synerate.com/json5/-/json5-2.2.3.tgz#78cd6f1a19bdc12b73db5ad0c61efd66c1e29283"
  integrity sha512-XmOWe7eyHYH14cLdVPoyg+GOH3rYX++KpzrylJwSW98t3Nk+U8XOl8FWKOgwtzdb8lXGf6zYwDUzeHMWfxasyg==

lodash@^4.17.21:
  version "4.17.21"
  resolved "https://registry.synerate.com/lodash/-/lodash-4.17.21.tgz#679591c564c3bffaae8454cf0b3df370c3d6911c"
  integrity sha512-v2kDEe57lecTulaDIuNTPy3Ry4gLGJ6Z1O3vE1krgXZNrsQ+LFTGHVxVjcXPs17LhbZVGedAJv8XZ1tvj5FvSg==

magic-string@^0.30.0:
  version "0.30.0"
  resolved "https://registry.synerate.com/magic-string/-/magic-string-0.30.0.tgz#fd58a4748c5c4547338a424e90fa5dd17f4de529"
  integrity sha512-LA+31JYDJLs82r2ScLrlz1GjSgu66ZV518eyWT+S8VhyQn/JL0u9MeBOvQMGYiPk1DBiSN9DDMOcXvigJZaViQ==
  dependencies:
    "@jridgewell/sourcemap-codec" "^1.4.13"

mathjs@^11.8.1:
  version "11.8.1"
  resolved "https://registry.synerate.com/mathjs/-/mathjs-11.8.1.tgz#01e19c17d202ac33343a5ed9237cec6f1eda4d15"
  integrity sha512-SHW5fqQXTHd4VqkKEtjQV16d/3fLUfna0VeW8Zd//dNWWLxHarEvXIqSs3vWCSPYc86l1r6yPcKvez8ZVLsoTg==
  dependencies:
    "@babel/runtime" "^7.22.5"
    complex.js "^2.1.1"
    decimal.js "^10.4.3"
    escape-latex "^1.2.0"
    fraction.js "^4.2.0"
    javascript-natural-sort "^0.7.1"
    seedrandom "^3.0.5"
    tiny-emitter "^2.1.0"
    typed-function "^4.1.0"

memoize-lit@^1.6.0:
  version "1.6.0"
  resolved "https://registry.synerate.com/memoize-lit/-/memoize-lit-1.6.0.tgz#b189c2b24a049114ec2aef39f5786137d9ca1dfc"
  integrity sha512-T+9X7fAdS0u97AWnxGujZXYyCWWNX6AB2KfBmdYS+4abUdjUdyXKRBmO92a3Cpwv8x9RXW8kFKrd/EF0bwl5Dw==

moment-timezone@^0.5.43:
  version "0.5.43"
  resolved "https://registry.synerate.com/moment-timezone/-/moment-timezone-0.5.43.tgz#3dd7f3d0c67f78c23cd1906b9b2137a09b3c4790"
  integrity sha512-72j3aNyuIsDxdF1i7CEgV2FfxM1r6aaqJyLB2vwb33mXYyoyLly+F1zbWqhA3/bVIoJ4szlUoMbUnVdid32NUQ==
  dependencies:
    moment "^2.29.4"

moment@^2.29.4:
  version "2.29.4"
  resolved "https://registry.synerate.com/moment/-/moment-2.29.4.tgz#3dbe052889fe7c1b2ed966fcb3a77328964ef108"
  integrity sha512-5LC9SOxjSc2HF6vO2CyuTDNivEdoz2IvyJJGj6X8DJ0eFyfszE0QiEd+iXmBvUP3WHxSjFH/vIsA0EN00cgr8w==

node-fetch@^2.6.1:
  version "2.6.7"
  resolved "https://registry.yarnpkg.com/node-fetch/-/node-fetch-2.6.7.tgz#24de9fba827e3b4ae44dc8b20256a379160052ad"
  integrity sha512-ZjMPFEfVx5j+y2yF35Kzx5sF7kDzxuDj6ziH4FFbOp87zKDZNx8yExJIb05OGF4Nlt9IHFIMBkRl41VdvcNdbQ==
  dependencies:
    whatwg-url "^5.0.0"

pluralize@^8.0.0:
  version "8.0.0"
  resolved "https://registry.synerate.com/pluralize/-/pluralize-8.0.0.tgz#1a6fa16a38d12a1901e0320fa017051c539ce3b1"
  integrity sha512-Nc3IT5yHzflTfbjgqWcCPpo7DaKy4FnpB0l/zCAW0Tc7jxAiuqSxHasntB3D7887LSrA93kDJ9IXovxJYxyLCA==

regenerator-runtime@^0.13.11:
  version "0.13.11"
  resolved "https://registry.synerate.com/regenerator-runtime/-/regenerator-runtime-0.13.11.tgz#f6dca3e7ceec20590d07ada785636a90cdca17f9"
  integrity sha512-kY1AZVr2Ra+t+piVaJ4gxaFaReZVH40AKNo7UCX6W+dEwBo/2oZJzqfuN1qLq1oL45o56cPaTXELwrTh8Fpggg==

seedrandom@^3.0.5:
  version "3.0.5"
  resolved "https://registry.synerate.com/seedrandom/-/seedrandom-3.0.5.tgz#54edc85c95222525b0c7a6f6b3543d8e0b3aa0a7"
  integrity sha512-8OwmbklUNzwezjGInmZ+2clQmExQPvomqjL7LFqOYqtmuxRgQYqOD3mHaU+MvZn5FLUeVxVfQjwLZW/n/JFuqg==

source-map-support@^0.5.21:
  version "0.5.21"
  resolved "https://registry.synerate.com/source-map-support/-/source-map-support-0.5.21.tgz#04fe7c7f9e1ed2d662233c28cb2b35b9f63f6e4f"
  integrity sha512-uBHU3L3czsIyYXKX88fdrGovxdSCoTGDRZ6SYXtSRxLZUzHg5P/66Ht6uoUlHu9EZod+inXhKo3qQgwXUT/y1w==
  dependencies:
    buffer-from "^1.0.0"
    source-map "^0.6.0"

source-map@^0.6.0:
  version "0.6.1"
  resolved "https://registry.synerate.com/source-map/-/source-map-0.6.1.tgz#74722af32e9614e9c287a8d0bbde48b5e2f1a263"
  integrity sha512-UjgapumWlbMhkBgzT7Ykc5YXUT46F0iKu8SGXq0bcwP5dz/h0Plj6enJqjz1Zbq2l5WaqYnrVbwWOWMyF3F47g==

tiny-emitter@^2.1.0:
  version "2.1.0"
  resolved "https://registry.synerate.com/tiny-emitter/-/tiny-emitter-2.1.0.tgz#1d1a56edfc51c43e863cbb5382a72330e3555423"
  integrity sha512-NB6Dk1A9xgQPMoGqC5CVXn123gWyte215ONT5Pp5a0yt4nlEoO1ZWeCwpncaekPHXO60i47ihFnZPiRPjRMq4Q==

tr46@~0.0.3:
  version "0.0.3"
  resolved "https://registry.yarnpkg.com/tr46/-/tr46-0.0.3.tgz#8184fd347dac9cdc185992f3a6622e14b9d9ab6a"
  integrity sha1-gYT9NH2snNwYWZLzpmIuFLnZq2o=

typed-function@^4.1.0:
  version "4.1.0"
  resolved "https://registry.synerate.com/typed-function/-/typed-function-4.1.0.tgz#da4bdd8a6d19a89e22732f75e4a410860aaf9712"
  integrity sha512-DGwUl6cioBW5gw2L+6SMupGwH/kZOqivy17E4nsh1JI9fKF87orMmlQx3KISQPmg3sfnOUGlwVkroosvgddrlg==

typescript@^5.1.3:
  version "5.1.3"
  resolved "https://registry.synerate.com/typescript/-/typescript-5.1.3.tgz#8d84219244a6b40b6fb2b33cc1c062f715b9e826"
  integrity sha512-XH627E9vkeqhlZFQuL+UsyAXEnibT0kWR2FWONlr4sTjvxyJYnyefgrkyECLzM5NenmKzRAy2rR/OlYLA1HkZw==

vm2@^3.9.19:
  version "3.9.19"
  resolved "https://registry.synerate.com/vm2/-/vm2-3.9.19.tgz#be1e1d7a106122c6c492b4d51c2e8b93d3ed6a4a"
  integrity sha512-J637XF0DHDMV57R6JyVsTak7nIL8gy5KH4r1HiwWLf/4GBbb5MKL5y7LpmF4A8E2nR6XmzpmMFQ7V7ppPTmUQg==
  dependencies:
    acorn "^8.7.0"
    acorn-walk "^8.2.0"

webidl-conversions@^3.0.0:
  version "3.0.1"
  resolved "https://registry.yarnpkg.com/webidl-conversions/-/webidl-conversions-3.0.1.tgz#24534275e2a7bc6be7bc86611cc16ae0a5654871"
  integrity sha1-JFNCdeKnvGvnvIZhHMFq4KVlSHE=

whatwg-fetch@^3.4.1:
  version "3.5.0"
  resolved "https://registry.synerate.com/whatwg-fetch/-/whatwg-fetch-3.5.0.tgz#605a2cd0a7146e5db141e29d1c62ab84c0c4c868"
  integrity sha512-jXkLtsR42xhXg7akoDKvKWE40eJeI+2KZqcp2h3NsOrRnDvtWX36KcKl30dy+hxECivdk2BVUHVNrPtoMBUx6A==

whatwg-url@^5.0.0:
  version "5.0.0"
  resolved "https://registry.yarnpkg.com/whatwg-url/-/whatwg-url-5.0.0.tgz#966454e8765462e37644d3626f6742ce8b70965d"
  integrity sha1-lmRU6HZUYuN2RNNib2dCzotwll0=
  dependencies:
    tr46 "~0.0.3"
    webidl-conversions "^3.0.0"
