# THIS IS AN AUTOGENERATED FILE. DO NOT EDIT THIS FILE DIRECTLY.
# yarn lockfile v1


"@types/config@3.3.0":
  version "3.3.0"
  resolved "https://registry.synerate.com/@types%2fconfig/-/config-3.3.0.tgz#2b632cb37c639bf8d57054561f5a77d31dcebc1e"
  integrity sha512-9kZSbl3/X3TVNowLCu5HFQdQmD+4287Om55avknEYkuo6R2dDrsp/EXEHUFvfYeG7m1eJ0WYGj+cbcUIhARJAQ==

"@types/countdown@^0.0.8":
  version "0.0.8"
  resolved "https://registry.synerate.com/@types%2fcountdown/-/countdown-0.0.8.tgz#130f9c6654e64b8d8c361378c517bb63ecca13a2"
  integrity sha512-kpWa+wlrYcvgymkaOIF3i40MnSMRNdv91piNVmJ22Pnd4A3QJXu21ngTzHHnLqKVtCjGWfO0FZKSXb3XiGiTdA==

"@types/isomorphic-fetch@0.0.36":
  version "0.0.36"
  resolved "https://registry.synerate.com/@types%2fisomorphic-fetch/-/isomorphic-fetch-0.0.36.tgz#3a6d8f63974baf26b10fd1314db910633108a769"
  integrity sha512-ulw4d+vW1HKn4oErSmNN2HYEcHGq0N1C5exlrMM0CRqX1UUpFhGb5lwiom5j9KN3LBJJDLRmYIZz1ghm7FIzZw==

"@types/lodash@^4.14.188":
  version "4.14.188"
  resolved "https://registry.synerate.com/@types%2flodash/-/lodash-4.14.188.tgz#e4990c4c81f7c9b00c5ff8eae389c10f27980da5"
  integrity sha512-zmEmF5OIM3rb7SbLCFYoQhO4dGt2FRM9AMkxvA3LaADOF1n8in/zGJlWji9fmafLoNyz+FoL6FE0SLtGIArD7w==

"@types/node@^18.11.9":
  version "18.11.9"
  resolved "https://registry.synerate.com/@types%2fnode/-/node-18.11.9.tgz#02d013de7058cea16d36168ef2fc653464cfbad4"
  integrity sha512-CRpX21/kGdzjOpFsZSkcrXMGIBWMGNIHXXBVFSH+ggkftxg+XYP20TESbh+zFvFj3EQOl5byk0HTRn1IL6hbqg==

"@types/source-map-support@^0.5.6":
  version "0.5.6"
  resolved "https://registry.synerate.com/@types%2fsource-map-support/-/source-map-support-0.5.6.tgz#aa4a8c98ec73a1f1f30a813573a9b2154a6eb39a"
  integrity sha512-b2nJ9YyXmkhGaa2b8VLM0kJ04xxwNyijcq12/kDoomCt43qbHBeK2SLNJ9iJmETaAj+bKUT05PQUu3Q66GvLhQ==
  dependencies:
    source-map "^0.6.0"

argparse@^2.0.1:
  version "2.0.1"
  resolved "https://registry.synerate.com/argparse/-/argparse-2.0.1.tgz#246f50f3ca78a3240f6c997e8a9bd1eac49e4b38"
  integrity sha512-8+9WqebbFzpX9OR+Wa6O29asIogeRMzcGtAINdpMHHyAg10f05aSFVBbcEqGf/PXw1EjAZ+q2/bEBg3DvurK3Q==

buffer-from@^1.0.0:
  version "1.1.1"
  resolved "https://registry.synerate.com/buffer-from/-/buffer-from-1.1.1.tgz#32713bc028f75c02fdb710d7c7bcec1f2c6070ef"
  integrity sha512-MQcXEUbCKtEo7bhqEs6560Hyd4XaovZlO/k9V3hjVUF/zwW7KBVdSK4gIt/bzwS9MbR5qob+F5jusZsb0YQK2A==

config@^3.3.8:
  version "3.3.8"
  resolved "https://registry.synerate.com/config/-/config-3.3.8.tgz#14ef7aef22af25877fdaee696ec64d761feb7be0"
  integrity sha512-rFzF6VESOdp7wAXFlB9IOZI4ouL05g3A03v2eRcTHj2JBQaTNJ40zhAUl5wRbWHqLZ+uqp/7OE0BWWtAVgrong==
  dependencies:
    json5 "^2.2.1"

countdown@^2.6.0:
  version "2.6.0"
  resolved "https://registry.synerate.com/countdown/-/countdown-2.6.0.tgz#677fb8e3a9d4cc4e76415901ba253b518af34177"
  integrity sha1-Z3+446nUzE52QVkBuiU7UYrzQXc=

isomorphic-fetch@^3.0.0:
  version "3.0.0"
  resolved "https://registry.synerate.com/isomorphic-fetch/-/isomorphic-fetch-3.0.0.tgz#0267b005049046d2421207215d45d6a262b8b8b4"
  integrity sha512-qvUtwJ3j6qwsF3jLxkZ72qCgjMysPzDfeV240JHiGZsANBYd+EEuu35v7dfrJ9Up0Ak07D7GGSkGhCHTqg/5wA==
  dependencies:
    node-fetch "^2.6.1"
    whatwg-fetch "^3.4.1"

js-yaml@^4.1.0:
  version "4.1.0"
  resolved "https://registry.synerate.com/js-yaml/-/js-yaml-4.1.0.tgz#c1fb65f8f5017901cdd2c951864ba18458a10602"
  integrity sha512-wpxZs9NoxZaJESJGIZTyDEaYpl0FKSA+FB9aJiyemKhMwkxQg63h4T1KJgUGHpTqPDNRcmmYLugrRjJlBtWvRA==
  dependencies:
    argparse "^2.0.1"

json5@^2.2.1:
  version "2.2.1"
  resolved "https://registry.synerate.com/json5/-/json5-2.2.1.tgz#655d50ed1e6f95ad1a3caababd2b0efda10b395c"
  integrity sha512-1hqLFMSrGHRHxav9q9gNjJ5EXznIxGVO09xQRrwplcS8qs28pZ8s8hupZAmqDwZUmVZ2Qb2jnyPOWcDH8m8dlA==

lodash@^4.17.21:
  version "4.17.21"
  resolved "https://registry.synerate.com/lodash/-/lodash-4.17.21.tgz#679591c564c3bffaae8454cf0b3df370c3d6911c"
  integrity sha512-v2kDEe57lecTulaDIuNTPy3Ry4gLGJ6Z1O3vE1krgXZNrsQ+LFTGHVxVjcXPs17LhbZVGedAJv8XZ1tvj5FvSg==

magic-string@^0.26.7:
  version "0.26.7"
  resolved "https://registry.synerate.com/magic-string/-/magic-string-0.26.7.tgz#caf7daf61b34e9982f8228c4527474dac8981d6f"
  integrity sha512-hX9XH3ziStPoPhJxLq1syWuZMxbDvGNbVchfrdCtanC7D13888bMFow61x8axrx+GfHLtVeAx2kxL7tTGRl+Ow==
  dependencies:
    sourcemap-codec "^1.4.8"

memoize-lit@^1.5.0:
  version "1.5.0"
  resolved "https://registry.synerate.com/memoize-lit/-/memoize-lit-1.5.0.tgz#720e54ed7b0330b19589288217947ce5350a3fed"
  integrity sha512-pkkIcuBeD2feBtrztSESfsX3NcSE5vPeJi/14rikvTMpOjwG6JpsYwGL5IMhovQgYSPKddVma/8bL725PLAtsg==

moment-timezone@^0.5.38:
  version "0.5.38"
  resolved "https://registry.synerate.com/moment-timezone/-/moment-timezone-0.5.38.tgz#9674a5397b8be7c13de820fd387d8afa0f725aad"
  integrity sha512-nMIrzGah4+oYZPflDvLZUgoVUO4fvAqHstvG3xAUnMolWncuAiLDWNnJZj6EwJGMGfb1ZcuTFE6GI3hNOVWI/Q==
  dependencies:
    moment ">= 2.9.0"

"moment@>= 2.9.0", moment@^2.29.4:
  version "2.29.4"
  resolved "https://registry.synerate.com/moment/-/moment-2.29.4.tgz#3dbe052889fe7c1b2ed966fcb3a77328964ef108"
  integrity sha512-5LC9SOxjSc2HF6vO2CyuTDNivEdoz2IvyJJGj6X8DJ0eFyfszE0QiEd+iXmBvUP3WHxSjFH/vIsA0EN00cgr8w==

node-fetch@^2.6.1:
  version "2.6.7"
  resolved "https://registry.yarnpkg.com/node-fetch/-/node-fetch-2.6.7.tgz#24de9fba827e3b4ae44dc8b20256a379160052ad"
  integrity sha512-ZjMPFEfVx5j+y2yF35Kzx5sF7kDzxuDj6ziH4FFbOp87zKDZNx8yExJIb05OGF4Nlt9IHFIMBkRl41VdvcNdbQ==
  dependencies:
    whatwg-url "^5.0.0"

source-map-support@^0.5.21:
  version "0.5.21"
  resolved "https://registry.synerate.com/source-map-support/-/source-map-support-0.5.21.tgz#04fe7c7f9e1ed2d662233c28cb2b35b9f63f6e4f"
  integrity sha512-uBHU3L3czsIyYXKX88fdrGovxdSCoTGDRZ6SYXtSRxLZUzHg5P/66Ht6uoUlHu9EZod+inXhKo3qQgwXUT/y1w==
  dependencies:
    buffer-from "^1.0.0"
    source-map "^0.6.0"

source-map@^0.6.0:
  version "0.6.1"
  resolved "https://registry.synerate.com/source-map/-/source-map-0.6.1.tgz#74722af32e9614e9c287a8d0bbde48b5e2f1a263"
  integrity sha512-UjgapumWlbMhkBgzT7Ykc5YXUT46F0iKu8SGXq0bcwP5dz/h0Plj6enJqjz1Zbq2l5WaqYnrVbwWOWMyF3F47g==

sourcemap-codec@^1.4.8:
  version "1.4.8"
  resolved "https://registry.synerate.com/sourcemap-codec/-/sourcemap-codec-1.4.8.tgz#ea804bd94857402e6992d05a38ef1ae35a9ab4c4"
  integrity sha512-9NykojV5Uih4lgo5So5dtw+f0JgJX30KCNI8gwhz2J9A15wD0Ml6tjHKwf6fTSa6fAdVBdZeNOs9eJ71qCk8vA==

tr46@~0.0.3:
  version "0.0.3"
  resolved "https://registry.yarnpkg.com/tr46/-/tr46-0.0.3.tgz#8184fd347dac9cdc185992f3a6622e14b9d9ab6a"
  integrity sha1-gYT9NH2snNwYWZLzpmIuFLnZq2o=

typescript@^4.8.4:
  version "4.8.4"
  resolved "https://registry.synerate.com/typescript/-/typescript-4.8.4.tgz#c464abca159669597be5f96b8943500b238e60e6"
  integrity sha512-QCh+85mCy+h0IGff8r5XWzOVSbBO+KfeYrMQh7NJ58QujwcE22u+NUSmUxqF+un70P9GXKxa2HCNiTTMJknyjQ==

webidl-conversions@^3.0.0:
  version "3.0.1"
  resolved "https://registry.yarnpkg.com/webidl-conversions/-/webidl-conversions-3.0.1.tgz#24534275e2a7bc6be7bc86611cc16ae0a5654871"
  integrity sha1-JFNCdeKnvGvnvIZhHMFq4KVlSHE=

whatwg-fetch@^3.4.1:
  version "3.5.0"
  resolved "https://registry.synerate.com/whatwg-fetch/-/whatwg-fetch-3.5.0.tgz#605a2cd0a7146e5db141e29d1c62ab84c0c4c868"
  integrity sha512-jXkLtsR42xhXg7akoDKvKWE40eJeI+2KZqcp2h3NsOrRnDvtWX36KcKl30dy+hxECivdk2BVUHVNrPtoMBUx6A==

whatwg-url@^5.0.0:
  version "5.0.0"
  resolved "https://registry.yarnpkg.com/whatwg-url/-/whatwg-url-5.0.0.tgz#966454e8765462e37644d3626f6742ce8b70965d"
  integrity sha1-lmRU6HZUYuN2RNNib2dCzotwll0=
  dependencies:
    tr46 "~0.0.3"
    webidl-conversions "^3.0.0"
