# THIS IS AN AUTOGENERATED FILE. DO NOT EDIT THIS FILE DIRECTLY.
# yarn lockfile v1


"@babel/runtime@^7.23.2", "@babel/runtime@^7.23.6":
  version "7.23.7"
  resolved "https://registry.synerate.com/@babel%2fruntime/-/runtime-7.23.7.tgz#dd7c88deeb218a0f8bd34d5db1aa242e0f203193"
  integrity sha512-w06OXVOFso7LcbzMiDGt+3X7Rh7Ho8MmgPoWU3rarH+8upf+wSU/grlGbWzQyr3DkdN6ZeuMFjpdwW0Q+HxobA==
  dependencies:
    regenerator-runtime "^0.14.0"

"@dice-roller/rpg-dice-roller@^5.5.0":
  version "5.5.0"
  resolved "https://registry.synerate.com/@dice-roller%2frpg-dice-roller/-/rpg-dice-roller-5.5.0.tgz#8b840da34a72e22846b896d8077f8219882fdd09"
  integrity sha512-ip318MKhfRvqzpXNQaMyqJkOWbeOlaiIopfyluantEVF706fRP4Jy0WsTZrnKhRvhJTZTJa5dTTWqcoPmt1Xww==
  dependencies:
    mathjs "^11.2.1"
    random-js "^2.1.0"

"@jridgewell/sourcemap-codec@^1.4.15":
  version "1.4.15"
  resolved "https://registry.synerate.com/@jridgewell%2fsourcemap-codec/-/sourcemap-codec-1.4.15.tgz#d7c6e6755c78567a951e04ab52ef0fd26de59f32"
  integrity sha512-eF2rxCRulEKXHTRiDrDy6erMYWqNw4LPdQ8UQA4huuxaQsVeRPFl2oM8oDGxMFhJUWZf9McpLtJasDDZb/Bpeg==

"@types/config@3.3.3":
  version "3.3.3"
  resolved "https://registry.synerate.com/@types%2fconfig/-/config-3.3.3.tgz#3e9e286365bd02f8ca079898a14172df47010941"
  integrity sha512-BB8DBAud88EgiAKlz8WQStzI771Kb6F3j4dioRJ4GD+tP4tzcZyMlz86aXuZT4s9hyesFORehMQE6eqtA5O+Vg==

"@types/countdown@^0.0.12":
  version "0.0.12"
  resolved "https://registry.synerate.com/@types%2fcountdown/-/countdown-0.0.12.tgz#ed8e3a119b00546afce73dc07835b18f8657a90b"
  integrity sha512-XES0tYnkP9tfPYOWo62QM+xEObHfqvZF9MwaU0JnOWDBy2QVikx1d5+gikVaa+XlC05+gWbQVqRgogsByjZYTg==

"@types/isomorphic-fetch@0.0.39":
  version "0.0.39"
  resolved "https://registry.synerate.com/@types%2fisomorphic-fetch/-/isomorphic-fetch-0.0.39.tgz#889573a72ca637bc1a665910a41ff1cb3b52011f"
  integrity sha512-I0gou/ZdA1vMG7t7gMzL7VYu2xAKU78rW9U1l10MI0nn77pEHq3tQqHQ8hMmXdMpBlkxZOorjI4sO594Z3kKJw==

"@types/lodash@^4.14.202":
  version "4.14.202"
  resolved "https://registry.synerate.com/@types%2flodash/-/lodash-4.14.202.tgz#f09dbd2fb082d507178b2f2a5c7e74bd72ff98f8"
  integrity sha512-OvlIYQK9tNneDlS0VN54LLd5uiPCBOp7gS5Z0f1mjoJYBrtStzgmJBxONW3U6OZqdtNzZPmn9BS/7WI7BFFcFQ==

"@types/node@^20.10.6":
  version "20.10.6"
  resolved "https://registry.synerate.com/@types%2fnode/-/node-20.10.6.tgz#a3ec84c22965802bf763da55b2394424f22bfbb5"
  integrity sha512-Vac8H+NlRNNlAmDfGUP7b5h/KA+AtWIzuXy0E6OyP8f1tCLYAtPvKRRDJjAPqhpCb0t6U2j7/xqAuLEebW2kiw==
  dependencies:
    undici-types "~5.26.4"

"@types/source-map-support@^0.5.10":
  version "0.5.10"
  resolved "https://registry.synerate.com/@types%2fsource-map-support/-/source-map-support-0.5.10.tgz#824dcef989496bae98e9d04c8dc1ac1d70e1bd39"
  integrity sha512-tgVP2H469x9zq34Z0m/fgPewGhg/MLClalNOiPIzQlXrSS2YrKu/xCdSCKnEDwkFha51VKEKB6A9wW26/ZNwzA==
  dependencies:
    source-map "^0.6.0"

acorn-walk@^8.2.0:
  version "8.2.0"
  resolved "https://registry.synerate.com/acorn-walk/-/acorn-walk-8.2.0.tgz#741210f2e2426454508853a2f44d0ab83b7f69c1"
  integrity sha512-k+iyHEuPgSw6SbuDpGQM+06HQUa04DZ3o+F6CSzXMvvI5KMvnaEqXe+YVe555R9nn6GPt404fos4wcgpw12SDA==

acorn@^8.7.0:
  version "8.9.0"
  resolved "https://registry.synerate.com/acorn/-/acorn-8.9.0.tgz#78a16e3b2bcc198c10822786fa6679e245db5b59"
  integrity sha512-jaVNAFBHNLXspO543WnNNPZFRtavh3skAkITqD0/2aeMkKZTN+254PyhwxFYrk3vQ1xfY+2wbesJMs/JC8/PwQ==

argparse@^2.0.1:
  version "2.0.1"
  resolved "https://registry.synerate.com/argparse/-/argparse-2.0.1.tgz#246f50f3ca78a3240f6c997e8a9bd1eac49e4b38"
  integrity sha512-8+9WqebbFzpX9OR+Wa6O29asIogeRMzcGtAINdpMHHyAg10f05aSFVBbcEqGf/PXw1EjAZ+q2/bEBg3DvurK3Q==

buffer-from@^1.0.0:
  version "1.1.1"
  resolved "https://registry.synerate.com/buffer-from/-/buffer-from-1.1.1.tgz#32713bc028f75c02fdb710d7c7bcec1f2c6070ef"
  integrity sha512-MQcXEUbCKtEo7bhqEs6560Hyd4XaovZlO/k9V3hjVUF/zwW7KBVdSK4gIt/bzwS9MbR5qob+F5jusZsb0YQK2A==

complex.js@^2.1.1:
  version "2.1.1"
  resolved "https://registry.synerate.com/complex.js/-/complex.js-2.1.1.tgz#0675dac8e464ec431fb2ab7d30f41d889fb25c31"
  integrity sha512-8njCHOTtFFLtegk6zQo0kkVX1rngygb/KQI6z1qZxlFI3scluC+LVTCFbrkWjBv4vvLlbQ9t88IPMC6k95VTTg==

config@^3.3.9:
  version "3.3.9"
  resolved "https://registry.synerate.com/config/-/config-3.3.9.tgz#27fae95b43e0e1d5723e54143c090954d8e49572"
  integrity sha512-G17nfe+cY7kR0wVpc49NCYvNtelm/pPy8czHoFkAgtV1lkmcp7DHtWCdDu+C9Z7gb2WVqa9Tm3uF9aKaPbCfhg==
  dependencies:
    json5 "^2.2.3"

countdown@^2.6.0:
  version "2.6.0"
  resolved "https://registry.synerate.com/countdown/-/countdown-2.6.0.tgz#677fb8e3a9d4cc4e76415901ba253b518af34177"
  integrity sha1-Z3+446nUzE52QVkBuiU7UYrzQXc=

decimal.js@^10.4.3:
  version "10.4.3"
  resolved "https://registry.synerate.com/decimal.js/-/decimal.js-10.4.3.tgz#1044092884d245d1b7f65725fa4ad4c6f781cc23"
  integrity sha512-VBBaLc1MgL5XpzgIP7ny5Z6Nx3UrRkIViUkPUdtl9aya5amy3De1gsUUSB1g3+3sExYNjCAsAznmukyxCb1GRA==

escape-latex@^1.2.0:
  version "1.2.0"
  resolved "https://registry.synerate.com/escape-latex/-/escape-latex-1.2.0.tgz#07c03818cf7dac250cce517f4fda1b001ef2bca1"
  integrity sha512-nV5aVWW1K0wEiUIEdZ4erkGGH8mDxGyxSeqPzRNtWP7ataw+/olFObw7hujFWlVjNsaDFw5VZ5NzVSIqRgfTiw==

fraction.js@4.3.4:
  version "4.3.4"
  resolved "https://registry.synerate.com/fraction.js/-/fraction.js-4.3.4.tgz#b2bac8249a610c3396106da97c5a71da75b94b1c"
  integrity sha512-pwiTgt0Q7t+GHZA4yaLjObx4vXmmdcS0iSJ19o8d/goUGgItX9UZWKWNnLHehxviD8wU2IWRsnR8cD5+yOJP2Q==

isomorphic-fetch@^3.0.0:
  version "3.0.0"
  resolved "https://registry.synerate.com/isomorphic-fetch/-/isomorphic-fetch-3.0.0.tgz#0267b005049046d2421207215d45d6a262b8b8b4"
  integrity sha512-qvUtwJ3j6qwsF3jLxkZ72qCgjMysPzDfeV240JHiGZsANBYd+EEuu35v7dfrJ9Up0Ak07D7GGSkGhCHTqg/5wA==
  dependencies:
    node-fetch "^2.6.1"
    whatwg-fetch "^3.4.1"

javascript-natural-sort@^0.7.1:
  version "0.7.1"
  resolved "https://registry.synerate.com/javascript-natural-sort/-/javascript-natural-sort-0.7.1.tgz#f9e2303d4507f6d74355a73664d1440fb5a0ef59"
  integrity sha512-nO6jcEfZWQXDhOiBtG2KvKyEptz7RVbpGP4vTD2hLBdmNQSsCiicO2Ioinv6UI4y9ukqnBpy+XZ9H6uLNgJTlw==

js-yaml@^4.1.0:
  version "4.1.0"
  resolved "https://registry.synerate.com/js-yaml/-/js-yaml-4.1.0.tgz#c1fb65f8f5017901cdd2c951864ba18458a10602"
  integrity sha512-wpxZs9NoxZaJESJGIZTyDEaYpl0FKSA+FB9aJiyemKhMwkxQg63h4T1KJgUGHpTqPDNRcmmYLugrRjJlBtWvRA==
  dependencies:
    argparse "^2.0.1"

json5@^2.2.3:
  version "2.2.3"
  resolved "https://registry.synerate.com/json5/-/json5-2.2.3.tgz#78cd6f1a19bdc12b73db5ad0c61efd66c1e29283"
  integrity sha512-XmOWe7eyHYH14cLdVPoyg+GOH3rYX++KpzrylJwSW98t3Nk+U8XOl8FWKOgwtzdb8lXGf6zYwDUzeHMWfxasyg==

lodash@^4.17.21:
  version "4.17.21"
  resolved "https://registry.synerate.com/lodash/-/lodash-4.17.21.tgz#679591c564c3bffaae8454cf0b3df370c3d6911c"
  integrity sha512-v2kDEe57lecTulaDIuNTPy3Ry4gLGJ6Z1O3vE1krgXZNrsQ+LFTGHVxVjcXPs17LhbZVGedAJv8XZ1tvj5FvSg==

magic-string@^0.30.5:
  version "0.30.5"
  resolved "https://registry.synerate.com/magic-string/-/magic-string-0.30.5.tgz#1994d980bd1c8835dc6e78db7cbd4ae4f24746f9"
  integrity sha512-7xlpfBaQaP/T6Vh8MO/EqXSW5En6INHEvEXQiuff7Gku0PWjU3uf6w/j9o7O+SpB5fOAkrI5HeoNgwjEO0pFsA==
  dependencies:
    "@jridgewell/sourcemap-codec" "^1.4.15"

mathjs@^11.2.1:
  version "11.12.0"
  resolved "https://registry.synerate.com/mathjs/-/mathjs-11.12.0.tgz#e933e5941930d44763ddfc5bfb08b90059449b2c"
  integrity sha512-UGhVw8rS1AyedyI55DGz9q1qZ0p98kyKPyc9vherBkoueLntPfKtPBh14x+V4cdUWK0NZV2TBwqRFlvadscSuw==
  dependencies:
    "@babel/runtime" "^7.23.2"
    complex.js "^2.1.1"
    decimal.js "^10.4.3"
    escape-latex "^1.2.0"
    fraction.js "4.3.4"
    javascript-natural-sort "^0.7.1"
    seedrandom "^3.0.5"
    tiny-emitter "^2.1.0"
    typed-function "^4.1.1"

mathjs@^12.2.1:
  version "12.2.1"
  resolved "https://registry.synerate.com/mathjs/-/mathjs-12.2.1.tgz#9d2efdd2279f94d652559d0ec33ef809aad76c7f"
  integrity sha512-/uG/yMP0wUSfALCyJkKco0gYlrp0kHFt4yNT3E+ZCoiWpsT9GdtLqydxHp3gjDCQrR4GGBDXMnKOQtJbmIe9SQ==
  dependencies:
    "@babel/runtime" "^7.23.6"
    complex.js "^2.1.1"
    decimal.js "^10.4.3"
    escape-latex "^1.2.0"
    fraction.js "4.3.4"
    javascript-natural-sort "^0.7.1"
    seedrandom "^3.0.5"
    tiny-emitter "^2.1.0"
    typed-function "^4.1.1"

memoize-lit@^1.6.1:
  version "1.6.1"
  resolved "https://registry.synerate.com/memoize-lit/-/memoize-lit-1.6.1.tgz#22e89a24c77545a473ba6f8d73a5911ba3a1261b"
  integrity sha512-5LfSV7KRBD8oSKJC3l2XiH9oA3krMvndiBdMo7pGTN8YD0UGL64m7rdBzI5/HSHXS7uRHjpGkbSwpVWVWNe1RA==

moment-timezone@^0.5.44:
  version "0.5.44"
  resolved "https://registry.synerate.com/moment-timezone/-/moment-timezone-0.5.44.tgz#a64a4e47b68a43deeab5ae4eb4f82da77cdf595f"
  integrity sha512-nv3YpzI/8lkQn0U6RkLd+f0W/zy/JnoR5/EyPz/dNkPTBjA2jNLCVxaiQ8QpeLymhSZvX0wCL5s27NQWdOPwAw==
  dependencies:
    moment "^2.29.4"

moment@^2.29.4:
  version "2.29.4"
  resolved "https://registry.synerate.com/moment/-/moment-2.29.4.tgz#3dbe052889fe7c1b2ed966fcb3a77328964ef108"
  integrity sha512-5LC9SOxjSc2HF6vO2CyuTDNivEdoz2IvyJJGj6X8DJ0eFyfszE0QiEd+iXmBvUP3WHxSjFH/vIsA0EN00cgr8w==

moment@^2.30.1:
  version "2.30.1"
  resolved "https://registry.synerate.com/moment/-/moment-2.30.1.tgz#f8c91c07b7a786e30c59926df530b4eac96974ae"
  integrity sha512-uEmtNhbDOrWPFS+hdjFCBfy9f2YoyzRpwcl+DqpC6taX21FzsTLQVbMV/W7PzNSX6x/bhC1zA3c2UQ5NzH6how==

node-fetch@^2.6.1:
  version "2.6.7"
  resolved "https://registry.yarnpkg.com/node-fetch/-/node-fetch-2.6.7.tgz#24de9fba827e3b4ae44dc8b20256a379160052ad"
  integrity sha512-ZjMPFEfVx5j+y2yF35Kzx5sF7kDzxuDj6ziH4FFbOp87zKDZNx8yExJIb05OGF4Nlt9IHFIMBkRl41VdvcNdbQ==
  dependencies:
    whatwg-url "^5.0.0"

random-js@^2.1.0:
  version "2.1.0"
  resolved "https://registry.synerate.com/random-js/-/random-js-2.1.0.tgz#0c03238b0a4f701f7a4c7303036ade3083d8ee14"
  integrity sha512-CRUyWmnzmZBA7RZSVGq0xMqmgCyPPxbiKNLFA5ud7KenojVX2s7Gv+V7eB52beKTPGxWRnVZ7D/tCIgYJJ8vNQ==

regenerator-runtime@^0.14.0:
  version "0.14.1"
  resolved "https://registry.synerate.com/regenerator-runtime/-/regenerator-runtime-0.14.1.tgz#356ade10263f685dda125100cd862c1db895327f"
  integrity sha512-dYnhHh0nJoMfnkZs6GmmhFknAGRrLznOu5nc9ML+EJxGvrx6H7teuevqVqCuPcPK//3eDrrjQhehXVx9cnkGdw==

seedrandom@^3.0.5:
  version "3.0.5"
  resolved "https://registry.synerate.com/seedrandom/-/seedrandom-3.0.5.tgz#54edc85c95222525b0c7a6f6b3543d8e0b3aa0a7"
  integrity sha512-8OwmbklUNzwezjGInmZ+2clQmExQPvomqjL7LFqOYqtmuxRgQYqOD3mHaU+MvZn5FLUeVxVfQjwLZW/n/JFuqg==

source-map-support@^0.5.21:
  version "0.5.21"
  resolved "https://registry.synerate.com/source-map-support/-/source-map-support-0.5.21.tgz#04fe7c7f9e1ed2d662233c28cb2b35b9f63f6e4f"
  integrity sha512-uBHU3L3czsIyYXKX88fdrGovxdSCoTGDRZ6SYXtSRxLZUzHg5P/66Ht6uoUlHu9EZod+inXhKo3qQgwXUT/y1w==
  dependencies:
    buffer-from "^1.0.0"
    source-map "^0.6.0"

source-map@^0.6.0:
  version "0.6.1"
  resolved "https://registry.synerate.com/source-map/-/source-map-0.6.1.tgz#74722af32e9614e9c287a8d0bbde48b5e2f1a263"
  integrity sha512-UjgapumWlbMhkBgzT7Ykc5YXUT46F0iKu8SGXq0bcwP5dz/h0Plj6enJqjz1Zbq2l5WaqYnrVbwWOWMyF3F47g==

tiny-emitter@^2.1.0:
  version "2.1.0"
  resolved "https://registry.synerate.com/tiny-emitter/-/tiny-emitter-2.1.0.tgz#1d1a56edfc51c43e863cbb5382a72330e3555423"
  integrity sha512-NB6Dk1A9xgQPMoGqC5CVXn123gWyte215ONT5Pp5a0yt4nlEoO1ZWeCwpncaekPHXO60i47ihFnZPiRPjRMq4Q==

tr46@~0.0.3:
  version "0.0.3"
  resolved "https://registry.yarnpkg.com/tr46/-/tr46-0.0.3.tgz#8184fd347dac9cdc185992f3a6622e14b9d9ab6a"
  integrity sha1-gYT9NH2snNwYWZLzpmIuFLnZq2o=

typed-function@^4.1.1:
  version "4.1.1"
  resolved "https://registry.synerate.com/typed-function/-/typed-function-4.1.1.tgz#38ce3cae31f4f513bcb263563fdad27b2afa73e8"
  integrity sha512-Pq1DVubcvibmm8bYcMowjVnnMwPVMeh0DIdA8ad8NZY2sJgapANJmiigSUwlt+EgXxpfIv8MWrQXTIzkfYZLYQ==

typescript@^5.3.3:
  version "5.3.3"
  resolved "https://registry.synerate.com/typescript/-/typescript-5.3.3.tgz#b3ce6ba258e72e6305ba66f5c9b452aaee3ffe37"
  integrity sha512-pXWcraxM0uxAS+tN0AG/BF2TyqmHO014Z070UsJ+pFvYuRSq8KH8DmWpnbXe0pEPDHXZV3FcAbJkijJ5oNEnWw==

undici-types@~5.26.4:
  version "5.26.5"
  resolved "https://registry.synerate.com/undici-types/-/undici-types-5.26.5.tgz#bcd539893d00b56e964fd2657a4866b221a65617"
  integrity sha512-JlCMO+ehdEIKqlFxk6IfVoAUVmgz7cU7zD/h9XZ0qzeosSHmUJVOzSQvvYSYWXkFXC+IfLKSIffhv0sVZup6pA==

webidl-conversions@^3.0.0:
  version "3.0.1"
  resolved "https://registry.yarnpkg.com/webidl-conversions/-/webidl-conversions-3.0.1.tgz#24534275e2a7bc6be7bc86611cc16ae0a5654871"
  integrity sha1-JFNCdeKnvGvnvIZhHMFq4KVlSHE=

whatwg-fetch@^3.4.1:
  version "3.5.0"
  resolved "https://registry.synerate.com/whatwg-fetch/-/whatwg-fetch-3.5.0.tgz#605a2cd0a7146e5db141e29d1c62ab84c0c4c868"
  integrity sha512-jXkLtsR42xhXg7akoDKvKWE40eJeI+2KZqcp2h3NsOrRnDvtWX36KcKl30dy+hxECivdk2BVUHVNrPtoMBUx6A==

whatwg-url@^5.0.0:
  version "5.0.0"
  resolved "https://registry.yarnpkg.com/whatwg-url/-/whatwg-url-5.0.0.tgz#966454e8765462e37644d3626f6742ce8b70965d"
  integrity sha1-lmRU6HZUYuN2RNNib2dCzotwll0=
  dependencies:
    tr46 "~0.0.3"
    webidl-conversions "^3.0.0"
